
Microsoft Visual Studio Solution File, Format Version 12.00
# Visual Studio Version 17
VisualStudioVersion = 17.9.34622.214
MinimumVisualStudioVersion = 10.0.40219.1
Project("{9A19103F-16F7-4668-BE54-9A1E7A4F7556}") = "ClinicaEspacioAbiertoFrontEnd", "CasaGrandeFrontEnd\ClinicaEspacioAbiertoFrontEnd.csproj", "{39D231BC-7D3E-4E25-BB62-7D4D388206BC}"
EndProject
Global
	GlobalSection(SolutionConfigurationPlatforms) = preSolution
		Debug|Any CPU = Debug|Any CPU
		Release|Any CPU = Release|Any CPU
	EndGlobalSection
	GlobalSection(ProjectConfigurationPlatforms) = postSolution
		{39D231BC-7D3E-4E25-BB62-7D4D388206BC}.Debug|Any CPU.ActiveCfg = Debug|Any CPU
		{39D231BC-7D3E-4E25-BB62-7D4D388206BC}.Debug|Any CPU.Build.0 = Debug|Any CPU
		{39D231BC-7D3E-4E25-BB62-7D4D388206BC}.Release|Any CPU.ActiveCfg = Release|Any CPU
		{39D231BC-7D3E-4E25-BB62-7D4D388206BC}.Release|Any CPU.Build.0 = Release|Any CPU
	EndGlobalSection
	GlobalSection(SolutionProperties) = preSolution
		HideSolutionNode = FALSE
	EndGlobalSection
	GlobalSection(ExtensibilityGlobals) = postSolution
		SolutionGuid = {F296D411-7B34-445B-82AB-7D3BF5A18209}
	EndGlobalSection
EndGlobal
